
Microsoft Visual Studio Solution File, Format Version 12.00
# Visual Studio Version 17
VisualStudioVersion = 17.14.36408.4 d17.14
MinimumVisualStudioVersion = 10.0.40219.1
Project("{FAE04EC0-301F-11D3-BF4B-00C04F79EFBC}") = "LoginFeature_TuanPM", "LoginFeature_TuanPM\LoginFeature_TuanPM.csproj", "{0041E36E-A3E5-4FF5-820C-744C67A4DAD3}"
EndProject
Project("{FAE04EC0-301F-11D3-BF4B-00C04F79EFBC}") = "Services", "Service\Services.csproj", "{19A29FD4-1555-450C-A6DC-3105BD801888}"
EndProject
Project("{FAE04EC0-301F-11D3-BF4B-00C04F79EFBC}") = "Repositories", "Repositories\Repositories.csproj", "{1C7A24CB-9BBA-4494-BB75-6889AF409CE4}"
EndProject
Global
	GlobalSection(SolutionConfigurationPlatforms) = preSolution
		Debug|Any CPU = Debug|Any CPU
		Release|Any CPU = Release|Any CPU
	EndGlobalSection
	GlobalSection(ProjectConfigurationPlatforms) = postSolution
		{0041E36E-A3E5-4FF5-820C-744C67A4DAD3}.Debug|Any CPU.ActiveCfg = Debug|Any CPU
		{0041E36E-A3E5-4FF5-820C-744C67A4DAD3}.Debug|Any CPU.Build.0 = Debug|Any CPU
		{0041E36E-A3E5-4FF5-820C-744C67A4DAD3}.Release|Any CPU.ActiveCfg = Release|Any CPU
		{0041E36E-A3E5-4FF5-820C-744C67A4DAD3}.Release|Any CPU.Build.0 = Release|Any CPU
		{19A29FD4-1555-450C-A6DC-3105BD801888}.Debug|Any CPU.ActiveCfg = Debug|Any CPU
		{19A29FD4-1555-450C-A6DC-3105BD801888}.Debug|Any CPU.Build.0 = Debug|Any CPU
		{19A29FD4-1555-450C-A6DC-3105BD801888}.Release|Any CPU.ActiveCfg = Release|Any CPU
		{19A29FD4-1555-450C-A6DC-3105BD801888}.Release|Any CPU.Build.0 = Release|Any CPU
		{1C7A24CB-9BBA-4494-BB75-6889AF409CE4}.Debug|Any CPU.ActiveCfg = Debug|Any CPU
		{1C7A24CB-9BBA-4494-BB75-6889AF409CE4}.Debug|Any CPU.Build.0 = Debug|Any CPU
		{1C7A24CB-9BBA-4494-BB75-6889AF409CE4}.Release|Any CPU.ActiveCfg = Release|Any CPU
		{1C7A24CB-9BBA-4494-BB75-6889AF409CE4}.Release|Any CPU.Build.0 = Release|Any CPU
	EndGlobalSection
	GlobalSection(SolutionProperties) = preSolution
		HideSolutionNode = FALSE
	EndGlobalSection
	GlobalSection(ExtensibilityGlobals) = postSolution
		SolutionGuid = {6EDB8C0A-975C-40D2-9618-EA52041DC02E}
	EndGlobalSection
EndGlobal
